
Microsoft Visual Studio Solution File, Format Version 12.00
# Visual Studio Version 17
VisualStudioVersion = 17.8.34322.80
MinimumVisualStudioVersion = 10.0.40219.1
Project("{FAE04EC0-301F-11D3-BF4B-00C04F79EFBC}") = "ChuaBai_Lab5_SD19303", "ChuaBai_Lab5_SD19303\ChuaBai_Lab5_SD19303.csproj", "{DF942DBB-C544-468B-8167-48326284E8F6}"
EndProject
Global
	GlobalSection(SolutionConfigurationPlatforms) = preSolution
		Debug|Any CPU = Debug|Any CPU
		Release|Any CPU = Release|Any CPU
	EndGlobalSection
	GlobalSection(ProjectConfigurationPlatforms) = postSolution
		{DF942DBB-C544-468B-8167-48326284E8F6}.Debug|Any CPU.ActiveCfg = Debug|Any CPU
		{DF942DBB-C544-468B-8167-48326284E8F6}.Debug|Any CPU.Build.0 = Debug|Any CPU
		{DF942DBB-C544-468B-8167-48326284E8F6}.Release|Any CPU.ActiveCfg = Release|Any CPU
		{DF942DBB-C544-468B-8167-48326284E8F6}.Release|Any CPU.Build.0 = Release|Any CPU
	EndGlobalSection
	GlobalSection(SolutionProperties) = preSolution
		HideSolutionNode = FALSE
	EndGlobalSection
	GlobalSection(ExtensibilityGlobals) = postSolution
		SolutionGuid = {E072CA0D-E10F-475F-993F-E3BB49A4D0D2}
	EndGlobalSection
EndGlobal
